{
  "version": "2",
  "remote": {
    "https://esm.sh/react@18.2.0/jsx-runtime": "8e5e22ae56773ef989a95772b9b9f6d4e5d7891f2d20875c25e51015df018f7c",
    "https://esm.sh/stable/react@18.2.0/deno/jsx-runtime.js": "6c7172dbf7b2c0b22c0a2abc82d9e28f26ecd3fc6ee9b787dadcea0172a96d31",
    "https://esm.sh/v99/@types/prop-types@15.7.5/index.d.ts": "6a386ff939f180ae8ef064699d8b7b6e62bc2731a62d7fbf5e02589383838dea",
    "https://esm.sh/v99/@types/react@18.0.25/global.d.ts": "bbdf156fea2fabed31a569445835aeedcc33643d404fcbaa54541f06c109df3f",
    "https://esm.sh/v99/@types/react@18.0.25/index.d.ts": "12154bc47748a901d10aa84dc39d0ec3a5f2d50624a7f018b473ef5af23063b4",
    "https://esm.sh/v99/@types/react@18.0.25/jsx-runtime~.d.ts": "7efb28f322f647d652575b99e1d9cda1af17e93bdf6f649cc5d0a8527fc75324",
    "https://esm.sh/v99/@types/scheduler@0.16.2/tracing.d.ts": "f5a8b384f182b3851cec3596ccc96cb7464f8d3469f48c74bf2befb782a19de5",
    "https://esm.sh/v99/csstype@3.1.1/index.d.ts": "1c29793071152b207c01ea1954e343be9a44d85234447b2b236acae9e709a383"
  }
}
